Microsoft Visual Studio Solution File, Format Version 12.00
# Visual Studio Version 17
VisualStudioVersion = 17.5.2.0
MinimumVisualStudioVersion = 10.0.40219.1
Project("{2150E333-8FDC-42A3-9474-1A3956D46DE8}") = "comms", "comms", "{0622D3DC-CEE5-0548-D528-BB712D8FC103}"
EndProject
Project("{FAE04EC0-301F-11D3-BF4B-00C04F79EFBC}") = "visualiser", "comms\visualiser\visualiser.csproj", "{B82914D3-DF4A-60E5-36ED-DC77E23CD4EE}"
EndProject
Global
	GlobalSection(SolutionConfigurationPlatforms) = preSolution
		Debug|Any CPU = Debug|Any CPU
		Release|Any CPU = Release|Any CPU
	EndGlobalSection
	GlobalSection(ProjectConfigurationPlatforms) = postSolution
		{B82914D3-DF4A-60E5-36ED-DC77E23CD4EE}.Debug|Any CPU.ActiveCfg = Debug|Any CPU
		{B82914D3-DF4A-60E5-36ED-DC77E23CD4EE}.Debug|Any CPU.Build.0 = Debug|Any CPU
		{B82914D3-DF4A-60E5-36ED-DC77E23CD4EE}.Release|Any CPU.ActiveCfg = Release|Any CPU
		{B82914D3-DF4A-60E5-36ED-DC77E23CD4EE}.Release|Any CPU.Build.0 = Release|Any CPU
	EndGlobalSection
	GlobalSection(SolutionProperties) = preSolution
		HideSolutionNode = FALSE
	EndGlobalSection
	GlobalSection(NestedProjects) = preSolution
		{B82914D3-DF4A-60E5-36ED-DC77E23CD4EE} = {0622D3DC-CEE5-0548-D528-BB712D8FC103}
	EndGlobalSection
	GlobalSection(ExtensibilityGlobals) = postSolution
		SolutionGuid = {8F4048C8-4DFB-41FC-AEEA-1B82B2311AA4}
	EndGlobalSection
EndGlobal
